
Microsoft Visual Studio Solution File, Format Version 12.00
Project("{FAE04EC0-301F-11D3-BF4B-00C04F79EFBC}") = "workstation-back-end", "workstation-back-end\workstation-back-end.csproj", "{F3EC4B03-2745-4A8F-912E-F08FC9378B1F}"
EndProject
Global
	GlobalSection(SolutionConfigurationPlatforms) = preSolution
		Debug|Any CPU = Debug|Any CPU
		Release|Any CPU = Release|Any CPU
	EndGlobalSection
	GlobalSection(ProjectConfigurationPlatforms) = postSolution
		{F3EC4B03-2745-4A8F-912E-F08FC9378B1F}.Debug|Any CPU.ActiveCfg = Debug|Any CPU
		{F3EC4B03-2745-4A8F-912E-F08FC9378B1F}.Debug|Any CPU.Build.0 = Debug|Any CPU
		{F3EC4B03-2745-4A8F-912E-F08FC9378B1F}.Release|Any CPU.ActiveCfg = Release|Any CPU
		{F3EC4B03-2745-4A8F-912E-F08FC9378B1F}.Release|Any CPU.Build.0 = Release|Any CPU
	EndGlobalSection
EndGlobal
